// !$*UTF8*$!
{
	archiveVersion = 1;
	classes = {
	};
	objectVersion = 51;
	objects = {

/* Begin PBXBuildFile section */
		79082C172552A3900047B4AD /* BannerResizeApp.swift in Sources */ = {isa = PBXBuildFile; fileRef = 79082C162552A3900047B4AD /* BannerResizeApp.swift */; };
		79082C192552A3900047B4AD /* ContentView.swift in Sources */ = {isa = PBXBuildFile; fileRef = 79082C182552A3900047B4AD /* ContentView.swift */; };
		79082C1B2552A3900047B4AD /* Assets.xcassets in Resources */ = {isa = PBXBuildFile; fileRef = 79082C1A2552A3900047B4AD /* Assets.xcassets */; };
		79082C1E2552A3900047B4AD /* Preview Assets.xcassets in Resources */ = {isa = PBXBuildFile; fileRef = 79082C1D2552A3900047B4AD /* Preview Assets.xcassets */; };
		79082C292552A4000047B4AD /* BannerViewController.swift in Sources */ = {isa = PBXBuildFile; fileRef = 79082C262552A4000047B4AD /* BannerViewController.swift */; };
		79082C2A2552A4000047B4AD /* BannerDelegate.swift in Sources */ = {isa = PBXBuildFile; fileRef = 79082C272552A4000047B4AD /* BannerDelegate.swift */; };
		79082C2B2552A4000047B4AD /* BannerErrorView.swift in Sources */ = {isa = PBXBuildFile; fileRef = 79082C282552A4000047B4AD /* BannerErrorView.swift */; };
		79082C3E2552A4DD0047B4AD /* PageViewController.swift in Sources */ = {isa = PBXBuildFile; fileRef = 79082C3D2552A4DD0047B4AD /* PageViewController.swift */; };
		B262734A947564EC9CA68CBF /* Pods_BannerResize.framework in Frameworks */ = {isa = PBXBuildFile; fileRef = 128FCD06065837907DF3F2D1 /* Pods_BannerResize.framework */; };
/* End PBXBuildFile section */

/* Begin PBXFileReference section */
		128FCD06065837907DF3F2D1 /* Pods_BannerResize.framework */ = {isa = PBXFileReference; explicitFileType = wrapper.framework; includeInIndex = 0; path = Pods_BannerResize.framework; sourceTree = BUILT_PRODUCTS_DIR; };
		1D857553FE2B13C66EA00541 /* Pods-BannerResize.debug.xcconfig */ = {isa = PBXFileReference; includeInIndex = 1; lastKnownFileType = text.xcconfig; name = "Pods-BannerResize.debug.xcconfig"; path = "Target Support Files/Pods-BannerResize/Pods-BannerResize.debug.xcconfig"; sourceTree = "<group>"; };
		79082C132552A3900047B4AD /* BannerResize.app */ = {isa = PBXFileReference; explicitFileType = wrapper.application; includeInIndex = 0; path = BannerResize.app; sourceTree = BUILT_PRODUCTS_DIR; };
		79082C162552A3900047B4AD /* BannerResizeApp.swift */ = {isa = PBXFileReference; lastKnownFileType = sourcecode.swift; path = BannerResizeApp.swift; sourceTree = "<group>"; };
		79082C182552A3900047B4AD /* ContentView.swift */ = {isa = PBXFileReference; lastKnownFileType = sourcecode.swift; path = ContentView.swift; sourceTree = "<group>"; };
		79082C1A2552A3900047B4AD /* Assets.xcassets */ = {isa = PBXFileReference; lastKnownFileType = folder.assetcatalog; path = Assets.xcassets; sourceTree = "<group>"; };
		79082C1D2552A3900047B4AD /* Preview Assets.xcassets */ = {isa = PBXFileReference; lastKnownFileType = folder.assetcatalog; path = "Preview Assets.xcassets"; sourceTree = "<group>"; };
		79082C1F2552A3900047B4AD /* Info.plist */ = {isa = PBXFileReference; lastKnownFileType = text.plist.xml; path = Info.plist; sourceTree = "<group>"; };
		79082C262552A4000047B4AD /* BannerViewController.swift */ = {isa = PBXFileReference; fileEncoding = 4; lastKnownFileType = sourcecode.swift; path = BannerViewController.swift; sourceTree = "<group>"; };
		79082C272552A4000047B4AD /* BannerDelegate.swift */ = {isa = PBXFileReference; fileEncoding = 4; lastKnownFileType = sourcecode.swift; path = BannerDelegate.swift; sourceTree = "<group>"; };
		79082C282552A4000047B4AD /* BannerErrorView.swift */ = {isa = PBXFileReference; fileEncoding = 4; lastKnownFileType = sourcecode.swift; path = BannerErrorView.swift; sourceTree = "<group>"; };
		79082C3D2552A4DD0047B4AD /* PageViewController.swift */ = {isa = PBXFileReference; lastKnownFileType = sourcecode.swift; path = PageViewController.swift; sourceTree = "<group>"; };
		CDBAD1F9FB7BD7CB03C9D716 /* Pods-BannerResize.release.xcconfig */ = {isa = PBXFileReference; includeInIndex = 1; lastKnownFileType = text.xcconfig; name = "Pods-BannerResize.release.xcconfig"; path = "Target Support Files/Pods-BannerResize/Pods-BannerResize.release.xcconfig"; sourceTree = "<group>"; };
/* End PBXFileReference section */

/* Begin PBXFrameworksBuildPhase section */
		79082C102552A3900047B4AD /* Frameworks */ = {
			isa = PBXFrameworksBuildPhase;
			buildActionMask = 2147483647;
			files = (
				B262734A947564EC9CA68CBF /* Pods_BannerResize.framework in Frameworks */,
			);
			runOnlyForDeploymentPostprocessing = 0;
		};
/* End PBXFrameworksBuildPhase section */

/* Begin PBXGroup section */
		1E6BE2A75F7B2096FF321A06 /* Pods */ = {
			isa = PBXGroup;
			children = (
				1D857553FE2B13C66EA00541 /* Pods-BannerResize.debug.xcconfig */,
				CDBAD1F9FB7BD7CB03C9D716 /* Pods-BannerResize.release.xcconfig */,
			);
			path = Pods;
			sourceTree = "<group>";
		};
		79082C0A2552A3900047B4AD = {
			isa = PBXGroup;
			children = (
				79082C152552A3900047B4AD /* BannerResize */,
				79082C142552A3900047B4AD /* Products */,
				1E6BE2A75F7B2096FF321A06 /* Pods */,
				9DB4B631EF9237CA2C6B9411 /* Frameworks */,
			);
			sourceTree = "<group>";
		};
		79082C142552A3900047B4AD /* Products */ = {
			isa = PBXGroup;
			children = (
				79082C132552A3900047B4AD /* BannerResize.app */,
			);
			name = Products;
			sourceTree = "<group>";
		};
		79082C152552A3900047B4AD /* BannerResize */ = {
			isa = PBXGroup;
			children = (
				79082C272552A4000047B4AD /* BannerDelegate.swift */,
				79082C282552A4000047B4AD /* BannerErrorView.swift */,
				79082C262552A4000047B4AD /* BannerViewController.swift */,
				79082C162552A3900047B4AD /* BannerResizeApp.swift */,
				79082C182552A3900047B4AD /* ContentView.swift */,
				79082C1A2552A3900047B4AD /* Assets.xcassets */,
				79082C1F2552A3900047B4AD /* Info.plist */,
				79082C1C2552A3900047B4AD /* Preview Content */,
				79082C3D2552A4DD0047B4AD /* PageViewController.swift */,
			);
			path = BannerResize;
			sourceTree = "<group>";
		};
		79082C1C2552A3900047B4AD /* Preview Content */ = {
			isa = PBXGroup;
			children = (
				79082C1D2552A3900047B4AD /* Preview Assets.xcassets */,
			);
			path = "Preview Content";
			sourceTree = "<group>";
		};
		9DB4B631EF9237CA2C6B9411 /* Frameworks */ = {
			isa = PBXGroup;
			children = (
				128FCD06065837907DF3F2D1 /* Pods_BannerResize.framework */,
			);
			name = Frameworks;
			sourceTree = "<group>";
		};
/* End PBXGroup section */

/* Begin PBXNativeTarget section */
		79082C122552A3900047B4AD /* BannerResize */ = {
			isa = PBXNativeTarget;
			buildConfigurationList = 79082C222552A3900047B4AD /* Build configuration list for PBXNativeTarget "BannerResize" */;
			buildPhases = (
				434AA6E182145A2E329FCB12 /* [CP] Check Pods Manifest.lock */,
				EB2186B93FCF3BB78F1281A5 /* [CP] Prepare Artifacts */,
				79082C0F2552A3900047B4AD /* Sources */,
				79082C102552A3900047B4AD /* Frameworks */,
				79082C112552A3900047B4AD /* Resources */,
				16FC91CAFDD73FD1694132F6 /* [CP] Embed Pods Frameworks */,
			);
			buildRules = (
			);
			dependencies = (
			);
			name = BannerResize;
			productName = BannerResize;
			productReference = 79082C132552A3900047B4AD /* BannerResize.app */;
			productType = "com.apple.product-type.application";
		};
/* End PBXNativeTarget section */

/* Begin PBXProject section */
		79082C0B2552A3900047B4AD /* Project object */ = {
			isa = PBXProject;
			attributes = {
				LastSwiftUpdateCheck = 1210;
				LastUpgradeCheck = 1210;
				TargetAttributes = {
					79082C122552A3900047B4AD = {
						CreatedOnToolsVersion = 12.1;
					};
				};
			};
			buildConfigurationList = 79082C0E2552A3900047B4AD /* Build configuration list for PBXProject "BannerResize" */;
			compatibilityVersion = "Xcode 9.3";
			developmentRegion = en;
			hasScannedForEncodings = 0;
			knownRegions = (
				en,
				Base,
			);
			mainGroup = 79082C0A2552A3900047B4AD;
			productRefGroup = 79082C142552A3900047B4AD /* Products */;
			projectDirPath = "";
			projectRoot = "";
			targets = (
				79082C122552A3900047B4AD /* BannerResize */,
			);
		};
/* End PBXProject section */

/* Begin PBXResourcesBuildPhase section */
		79082C112552A3900047B4AD /* Resources */ = {
			isa = PBXResourcesBuildPhase;
			buildActionMask = 2147483647;
			files = (
				79082C1E2552A3900047B4AD /* Preview Assets.xcassets in Resources */,
				79082C1B2552A3900047B4AD /* Assets.xcassets in Resources */,
			);
			runOnlyForDeploymentPostprocessing = 0;
		};
/* End PBXResourcesBuildPhase section */

/* Begin PBXShellScriptBuildPhase section */
		16FC91CAFDD73FD1694132F6 /* [CP] Embed Pods Frameworks */ = {
			isa = PBXShellScriptBuildPhase;
			buildActionMask = 2147483647;
			files = (
			);
			inputFileListPaths = (
				"${PODS_ROOT}/Target Support Files/Pods-BannerResize/Pods-BannerResize-frameworks-${CONFIGURATION}-input-files.xcfilelist",
			);
			name = "[CP] Embed Pods Frameworks";
			outputFileListPaths = (
				"${PODS_ROOT}/Target Support Files/Pods-BannerResize/Pods-BannerResize-frameworks-${CONFIGURATION}-output-files.xcfilelist",
			);
			runOnlyForDeploymentPostprocessing = 0;
			shellPath = /bin/sh;
			shellScript = "\"${PODS_ROOT}/Target Support Files/Pods-BannerResize/Pods-BannerResize-frameworks.sh\"\n";
			showEnvVarsInLog = 0;
		};
		434AA6E182145A2E329FCB12 /* [CP] Check Pods Manifest.lock */ = {
			isa = PBXShellScriptBuildPhase;
			buildActionMask = 2147483647;
			files = (
			);
			inputFileListPaths = (
			);
			inputPaths = (
				"${PODS_PODFILE_DIR_PATH}/Podfile.lock",
				"${PODS_ROOT}/Manifest.lock",
			);
			name = "[CP] Check Pods Manifest.lock";
			outputFileListPaths = (
			);
			outputPaths = (
				"$(DERIVED_FILE_DIR)/Pods-BannerResize-checkManifestLockResult.txt",
			);
			runOnlyForDeploymentPostprocessing = 0;
			shellPath = /bin/sh;
			shellScript = "diff \"${PODS_PODFILE_DIR_PATH}/Podfile.lock\" \"${PODS_ROOT}/Manifest.lock\" > /dev/null\nif [ $? != 0 ] ; then\n    # print error to STDERR\n    echo \"error: The sandbox is not in sync with the Podfile.lock. Run 'pod install' or update your CocoaPods installation.\" >&2\n    exit 1\nfi\n# This output is used by Xcode 'outputs' to avoid re-running this script phase.\necho \"SUCCESS\" > \"${SCRIPT_OUTPUT_FILE_0}\"\n";
			showEnvVarsInLog = 0;
		};
		EB2186B93FCF3BB78F1281A5 /* [CP] Prepare Artifacts */ = {
			isa = PBXShellScriptBuildPhase;
			buildActionMask = 2147483647;
			files = (
			);
			inputFileListPaths = (
				"${PODS_ROOT}/Target Support Files/Pods-BannerResize/Pods-BannerResize-artifacts-${CONFIGURATION}-input-files.xcfilelist",
			);
			name = "[CP] Prepare Artifacts";
			outputFileListPaths = (
				"${PODS_ROOT}/Target Support Files/Pods-BannerResize/Pods-BannerResize-artifacts-${CONFIGURATION}-output-files.xcfilelist",
			);
			runOnlyForDeploymentPostprocessing = 0;
			shellPath = /bin/sh;
			shellScript = "\"${PODS_ROOT}/Target Support Files/Pods-BannerResize/Pods-BannerResize-artifacts.sh\"\n";
			showEnvVarsInLog = 0;
		};
/* End PBXShellScriptBuildPhase section */

/* Begin PBXSourcesBuildPhase section */
		79082C0F2552A3900047B4AD /* Sources */ = {
			isa = PBXSourcesBuildPhase;
			buildActionMask = 2147483647;
			files = (
				79082C2A2552A4000047B4AD /* BannerDelegate.swift in Sources */,
				79082C292552A4000047B4AD /* BannerViewController.swift in Sources */,
				79082C192552A3900047B4AD /* ContentView.swift in Sources */,
				79082C3E2552A4DD0047B4AD /* PageViewController.swift in Sources */,
				79082C172552A3900047B4AD /* BannerResizeApp.swift in Sources */,
				79082C2B2552A4000047B4AD /* BannerErrorView.swift in Sources */,
			);
			runOnlyForDeploymentPostprocessing = 0;
		};
/* End PBXSourcesBuildPhase section */

/* Begin XCBuildConfiguration section */
		79082C202552A3900047B4AD /* Debug */ = {
			isa = XCBuildConfiguration;
			buildSettings = {
				ALWAYS_SEARCH_USER_PATHS = NO;
				CLANG_ANALYZER_NONNULL = YES;
				CLANG_ANALYZER_NUMBER_OBJECT_CONVERSION = YES_AGGRESSIVE;
				CLANG_CXX_LANGUAGE_STANDARD = "gnu++14";
				CLANG_CXX_LIBRARY = "libc++";
				CLANG_ENABLE_MODULES = YES;
				CLANG_ENABLE_OBJC_ARC = YES;
				CLANG_ENABLE_OBJC_WEAK = YES;
				CLANG_WARN_BLOCK_CAPTURE_AUTORELEASING = YES;
				CLANG_WARN_BOOL_CONVERSION = YES;
				CLANG_WARN_COMMA = YES;
				CLANG_WARN_CONSTANT_CONVERSION = YES;
				CLANG_WARN_DEPRECATED_OBJC_IMPLEMENTATIONS = YES;
				CLANG_WARN_DIRECT_OBJC_ISA_USAGE = YES_ERROR;
				CLANG_WARN_DOCUMENTATION_COMMENTS = YES;
				CLANG_WARN_EMPTY_BODY = YES;
				CLANG_WARN_ENUM_CONVERSION = YES;
				CLANG_WARN_INFINITE_RECURSION = YES;
				CLANG_WARN_INT_CONVERSION = YES;
				CLANG_WARN_NON_LITERAL_NULL_CONVERSION = YES;
				CLANG_WARN_OBJC_IMPLICIT_RETAIN_SELF = YES;
				CLANG_WARN_OBJC_LITERAL_CONVERSION = YES;
				CLANG_WARN_OBJC_ROOT_CLASS = YES_ERROR;
				CLANG_WARN_QUOTED_INCLUDE_IN_FRAMEWORK_HEADER = YES;
				CLANG_WARN_RANGE_LOOP_ANALYSIS = YES;
				CLANG_WARN_STRICT_PROTOTYPES = YES;
				CLANG_WARN_SUSPICIOUS_MOVE = YES;
				CLANG_WARN_UNGUARDED_AVAILABILITY = YES_AGGRESSIVE;
				CLANG_WARN_UNREACHABLE_CODE = YES;
				CLANG_WARN__DUPLICATE_METHOD_MATCH = YES;
				COPY_PHASE_STRIP = NO;
				DEBUG_INFORMATION_FORMAT = dwarf;
				ENABLE_STRICT_OBJC_MSGSEND = YES;
				ENABLE_TESTABILITY = YES;
				GCC_C_LANGUAGE_STANDARD = gnu11;
				GCC_DYNAMIC_NO_PIC = NO;
				GCC_NO_COMMON_BLOCKS = YES;
				GCC_OPTIMIZATION_LEVEL = 0;
				GCC_PREPROCESSOR_DEFINITIONS = (
					"DEBUG=1",
					"$(inherited)",
				);
				GCC_WARN_64_TO_32_BIT_CONVERSION = YES;
				GCC_WARN_ABOUT_RETURN_TYPE = YES_ERROR;
				GCC_WARN_UNDECLARED_SELECTOR = YES;
				GCC_WARN_UNINITIALIZED_AUTOS = YES_AGGRESSIVE;
				GCC_WARN_UNUSED_FUNCTION = YES;
				GCC_WARN_UNUSED_VARIABLE = YES;
				IPHONEOS_DEPLOYMENT_TARGET = 14.1;
				MTL_ENABLE_DEBUG_INFO = INCLUDE_SOURCE;
				MTL_FAST_MATH = YES;
				ONLY_ACTIVE_ARCH = YES;
				SDKROOT = iphoneos;
				SWIFT_ACTIVE_COMPILATION_CONDITIONS = DEBUG;
				SWIFT_OPTIMIZATION_LEVEL = "-Onone";
			};
			name = Debug;
		};
		79082C212552A3900047B4AD /* Release */ = {
			isa = XCBuildConfiguration;
			buildSettings = {
				ALWAYS_SEARCH_USER_PATHS = NO;
				CLANG_ANALYZER_NONNULL = YES;
				CLANG_ANALYZER_NUMBER_OBJECT_CONVERSION = YES_AGGRESSIVE;
				CLANG_CXX_LANGUAGE_STANDARD = "gnu++14";
				CLANG_CXX_LIBRARY = "libc++";
				CLANG_ENABLE_MODULES = YES;
				CLANG_ENABLE_OBJC_ARC = YES;
				CLANG_ENABLE_OBJC_WEAK = YES;
				CLANG_WARN_BLOCK_CAPTURE_AUTORELEASING = YES;
				CLANG_WARN_BOOL_CONVERSION = YES;
				CLANG_WARN_COMMA = YES;
				CLANG_WARN_CONSTANT_CONVERSION = YES;
				CLANG_WARN_DEPRECATED_OBJC_IMPLEMENTATIONS = YES;
				CLANG_WARN_DIRECT_OBJC_ISA_USAGE = YES_ERROR;
				CLANG_WARN_DOCUMENTATION_COMMENTS = YES;
				CLANG_WARN_EMPTY_BODY = YES;
				CLANG_WARN_ENUM_CONVERSION = YES;
				CLANG_WARN_INFINITE_RECURSION = YES;
				CLANG_WARN_INT_CONVERSION = YES;
				CLANG_WARN_NON_LITERAL_NULL_CONVERSION = YES;
				CLANG_WARN_OBJC_IMPLICIT_RETAIN_SELF = YES;
				CLANG_WARN_OBJC_LITERAL_CONVERSION = YES;
				CLANG_WARN_OBJC_ROOT_CLASS = YES_ERROR;
				CLANG_WARN_QUOTED_INCLUDE_IN_FRAMEWORK_HEADER = YES;
				CLANG_WARN_RANGE_LOOP_ANALYSIS = YES;
				CLANG_WARN_STRICT_PROTOTYPES = YES;
				CLANG_WARN_SUSPICIOUS_MOVE = YES;
				CLANG_WARN_UNGUARDED_AVAILABILITY = YES_AGGRESSIVE;
				CLANG_WARN_UNREACHABLE_CODE = YES;
				CLANG_WARN__DUPLICATE_METHOD_MATCH = YES;
				COPY_PHASE_STRIP = NO;
				DEBUG_INFORMATION_FORMAT = "dwarf-with-dsym";
				ENABLE_NS_ASSERTIONS = NO;
				ENABLE_STRICT_OBJC_MSGSEND = YES;
				GCC_C_LANGUAGE_STANDARD = gnu11;
				GCC_NO_COMMON_BLOCKS = YES;
				GCC_WARN_64_TO_32_BIT_CONVERSION = YES;
				GCC_WARN_ABOUT_RETURN_TYPE = YES_ERROR;
				GCC_WARN_UNDECLARED_SELECTOR = YES;
				GCC_WARN_UNINITIALIZED_AUTOS = YES_AGGRESSIVE;
				GCC_WARN_UNUSED_FUNCTION = YES;
				GCC_WARN_UNUSED_VARIABLE = YES;
				IPHONEOS_DEPLOYMENT_TARGET = 14.1;
				MTL_ENABLE_DEBUG_INFO = NO;
				MTL_FAST_MATH = YES;
				SDKROOT = iphoneos;
				SWIFT_COMPILATION_MODE = wholemodule;
				SWIFT_OPTIMIZATION_LEVEL = "-O";
				VALIDATE_PRODUCT = YES;
			};
			name = Release;
		};
		79082C232552A3900047B4AD /* Debug */ = {
			isa = XCBuildConfiguration;
			baseConfigurationReference = 1D857553FE2B13C66EA00541 /* Pods-BannerResize.debug.xcconfig */;
			buildSettings = {
				ASSETCATALOG_COMPILER_APPICON_NAME = AppIcon;
				ASSETCATALOG_COMPILER_GLOBAL_ACCENT_COLOR_NAME = AccentColor;
				CODE_SIGN_STYLE = Automatic;
				DEVELOPMENT_ASSET_PATHS = "\"BannerResize/Preview Content\"";
				DEVELOPMENT_TEAM = S587T6HBTW;
				ENABLE_PREVIEWS = YES;
				INFOPLIST_FILE = BannerResize/Info.plist;
				IPHONEOS_DEPLOYMENT_TARGET = 14.0;
				LD_RUNPATH_SEARCH_PATHS = (
					"$(inherited)",
					"@executable_path/Frameworks",
				);
				PRODUCT_BUNDLE_IDENTIFIER = cz.slabs.BannerResize;
				PRODUCT_NAME = "$(TARGET_NAME)";
				SWIFT_VERSION = 5.0;
				TARGETED_DEVICE_FAMILY = "1,2";
			};
			name = Debug;
		};
		79082C242552A3900047B4AD /* Release */ = {
			isa = XCBuildConfiguration;
			baseConfigurationReference = CDBAD1F9FB7BD7CB03C9D716 /* Pods-BannerResize.release.xcconfig */;
			buildSettings = {
				ASSETCATALOG_COMPILER_APPICON_NAME = AppIcon;
				ASSETCATALOG_COMPILER_GLOBAL_ACCENT_COLOR_NAME = AccentColor;
				CODE_SIGN_STYLE = Automatic;
				DEVELOPMENT_ASSET_PATHS = "\"BannerResize/Preview Content\"";
				DEVELOPMENT_TEAM = S587T6HBTW;
				ENABLE_PREVIEWS = YES;
				INFOPLIST_FILE = BannerResize/Info.plist;
				IPHONEOS_DEPLOYMENT_TARGET = 14.0;
				LD_RUNPATH_SEARCH_PATHS = (
					"$(inherited)",
					"@executable_path/Frameworks",
				);
				PRODUCT_BUNDLE_IDENTIFIER = cz.slabs.BannerResize;
				PRODUCT_NAME = "$(TARGET_NAME)";
				SWIFT_VERSION = 5.0;
				TARGETED_DEVICE_FAMILY = "1,2";
			};
			name = Release;
		};
/* End XCBuildConfiguration section */

/* Begin XCConfigurationList section */
		79082C0E2552A3900047B4AD /* Build configuration list for PBXProject "BannerResize" */ = {
			isa = XCConfigurationList;
			buildConfigurations = (
				79082C202552A3900047B4AD /* Debug */,
				79082C212552A3900047B4AD /* Release */,
			);
			defaultConfigurationIsVisible = 0;
			defaultConfigurationName = Release;
		};
		79082C222552A3900047B4AD /* Build configuration list for PBXNativeTarget "BannerResize" */ = {
			isa = XCConfigurationList;
			buildConfigurations = (
				79082C232552A3900047B4AD /* Debug */,
				79082C242552A3900047B4AD /* Release */,
			);
			defaultConfigurationIsVisible = 0;
			defaultConfigurationName = Release;
		};
/* End XCConfigurationList section */
	};
	rootObject = 79082C0B2552A3900047B4AD /* Project object */;
}
